{
  "name": "example",
  "version": "0.0.1",
  "lockfileVersion": 1,
  "requires": true,
  "dependencies": {
    "@types/node": {
      "version": "8.10.48",
      "resolved": "https://registry.npmjs.org/@types/node/-/node-8.10.48.tgz",
      "integrity": "sha512-c35YEBTkL4rzXY2ucpSKy+UYHjUBIIkuJbWYbsGIrKLEWU5dgJMmLkkIb3qeC3O3Tpb1ZQCwecscvJTDjDjkRw=="
    },
    "accepts": {
      "version": "1.3.4",
      "resolved": "https://artifactnub1.jfrog.io/artifactnub1/api/npm/npm-virtual/accepts/-/accepts-1.3.4.tgz",
      "integrity": "sha1-hiRnWMfdbSGmR0/whKR0DsBesh8=",
      "requires": {
        "mime-types": "~2.1.16",
        "negotiator": "0.6.1"
      }
    },
    "agent-base": {
      "version": "4.2.1",
      "resolved": "https://registry.npmjs.org/agent-base/-/agent-base-4.2.1.tgz",
      "integrity": "sha512-JVwXMr9nHYTUXsBFKUqhJwvlcYU/blreOEUkhNR2eXZIvwd+c+o5V4MgDPKWnMS/56awN3TRzIP+KoPn+roQtg==",
      "requires": {
        "es6-promisify": "^5.0.0"
      }
    },
    "agentkeepalive": {
      "version": "3.5.2",
      "resolved": "https://registry.npmjs.org/agentkeepalive/-/agentkeepalive-3.5.2.tgz",
      "integrity": "sha512-e0L/HNe6qkQ7H19kTlRRqUibEAwDK5AFk6y3PtMsuut2VAH6+Q4xZml1tNDJD7kSAyqmbG/K08K5WEJYtUrSlQ==",
      "requires": {
        "humanize-ms": "^1.2.1"
      }
    },
    "argparse": {
      "version": "1.0.9",
      "resolved": "https://artifactnub1.jfrog.io/artifactnub1/api/npm/npm-virtual/argparse/-/argparse-1.0.9.tgz",
      "integrity": "sha1-c9g7wmP4bpf4zE9rrhsOkKfSLIY=",
      "requires": {
        "sprintf-js": "~1.0.2"
      }
    },
    "array-flatten": {
      "version": "1.1.1",
      "resolved": "https://artifactnub1.jfrog.io/artifactnub1/api/npm/npm-virtual/array-flatten/-/array-flatten-1.1.1.tgz",
      "integrity": "sha1-ml9pkFGx5wczKPKgCJaLZOopVdI="
    },
    "ast-types": {
      "version": "0.13.1",
      "resolved": "https://registry.npmjs.org/ast-types/-/ast-types-0.13.1.tgz",
      "integrity": "sha512-b+EeK0WlzrSmpMw5jktWvQGxblpWnvMrV+vOp69RLjzGiHwWV0vgq75DPKtUjppKni3yWwSW8WLGV3Ch/XIWcQ=="
    },
    "async": {
      "version": "2.1.2",
      "resolved": "https://registry.npmjs.org/async/-/async-2.1.2.tgz",
      "integrity": "sha1-YSpKtF70KnDN6Aa62G7m2wR+g4U=",
      "requires": {
        "lodash": "^4.14.0"
      }
    },
    "asynckit": {
      "version": "0.4.0",
      "resolved": "https://registry.npmjs.org/asynckit/-/asynckit-0.4.0.tgz",
      "integrity": "sha1-x57Zf380y48robyXkLzDZkdLS3k="
    },
    "axios": {
      "version": "0.16.2",
      "resolved": "https://registry.npmjs.org/axios/-/axios-0.16.2.tgz",
      "integrity": "sha1-uk+S8XFn37q0CYN4VFS5rBScPG0=",
      "requires": {
        "follow-redirects": "^1.2.3",
        "is-buffer": "^1.1.5"
      }
    },
    "body-parser": {
      "version": "1.18.2",
      "resolved": "https://artifactnub1.jfrog.io/artifactnub1/api/npm/npm-virtual/body-parser/-/body-parser-1.18.2.tgz",
      "integrity": "sha1-h2eKGdhLR9hZuDGZvVm84iKxBFQ=",
      "requires": {
        "bytes": "3.0.0",
        "content-type": "~1.0.4",
        "debug": "2.6.9",
        "depd": "~1.1.1",
        "http-errors": "~1.6.2",
        "iconv-lite": "0.4.19",
        "on-finished": "~2.3.0",
        "qs": "6.5.1",
        "raw-body": "2.3.2",
        "type-is": "~1.6.15"
      },
      "dependencies": {
        "debug": {
          "version": "2.6.9",
          "resolved": "https://artifactnub1.jfrog.io/artifactnub1/api/npm/npm-virtual/debug/-/debug-2.6.9.tgz",
          "integrity": "sha1-XRKFFd8TT/Mn6QpMk/Tgd6U2NB8=",
          "requires": {
            "ms": "2.0.0"
          }
        }
      }
    },
    "bytes": {
      "version": "3.0.0",
      "resolved": "https://artifactnub1.jfrog.io/artifactnub1/api/npm/npm-virtual/bytes/-/bytes-3.0.0.tgz",
      "integrity": "sha1-0ygVQE1olpn4Wk6k+odV3ROpYEg="
    },
    "chat-engine": {
      "version": "0.10.13",
      "resolved": "https://registry.npmjs.org/chat-engine/-/chat-engine-0.10.13.tgz",
      "integrity": "sha512-/BmHqTtMCsTgrjHtlP3QnCOjIVnn8V8BA+DUid+QQEeUPgAUBXUuXkgr9nP9RgbV9z+YoC8NTkYxbuJApdb53g==",
      "requires": {
        "async": "2.1.2",
        "axios": "0.16.2",
        "eventemitter2": "2.2.1",
        "pubnub": "4.20.2"
      }
    },
    "chat-engine-markdown": {
      "version": "0.0.8",
      "resolved": "https://artifactnub1.jfrog.io/artifactnub1/api/npm/npm-virtual/chat-engine-markdown/-/chat-engine-markdown-0.0.8.tgz",
      "integrity": "sha1-B4Is7aS5S0Ltci/kuSvBQlXWQts=",
      "requires": {
        "chat-engine": "^0.8.3",
        "dotty": "0.0.2",
        "markdown-it": "^8.4.0"
      },
      "dependencies": {
        "chat-engine": {
          "version": "0.8.4",
          "resolved": "https://registry.npmjs.org/chat-engine/-/chat-engine-0.8.4.tgz",
          "integrity": "sha1-gV2KArouEDckZ6YdkGlv18SM2PY=",
          "requires": {
            "async": "^2.1.2",
            "axios": "^0.16.2",
            "eventemitter2": "^2.2.1",
            "pubnub": "^4.17.0"
          }
        }
      }
    },
    "co": {
      "version": "4.6.0",
      "resolved": "https://registry.npmjs.org/co/-/co-4.6.0.tgz",
      "integrity": "sha1-bqa989hTrlTMuOR7+gvz+QMfsYQ="
    },
    "colors": {
      "version": "1.0.3",
      "resolved": "https://artifactnub1.jfrog.io/artifactnub1/api/npm/npm-virtual/colors/-/colors-1.0.3.tgz",
      "integrity": "sha1-BDP0TYCWgP3rYO0mDxsMJi6CpAs="
    },
    "combined-stream": {
      "version": "1.0.8",
      "resolved": "https://registry.npmjs.org/combined-stream/-/combined-stream-1.0.8.tgz",
      "integrity": "sha512-FQN4MRfuJeHf7cBbBMJFXhKSDq+2kAArBlmRBvcvFE5BB1HZKXtSFASDhdlz9zOYwxh8lDdnvmMOe/+5cdoEdg==",
      "requires": {
        "delayed-stream": "~1.0.0"
      }
    },
    "component-emitter": {
      "version": "1.3.0",
      "resolved": "https://registry.npmjs.org/component-emitter/-/component-emitter-1.3.0.tgz",
      "integrity": "sha512-Rd3se6QB+sO1TwqZjscQrurpEPIfO0/yYnSin6Q/rD3mOutHvUrCAhJub3r90uNb+SESBuE0QYoB90YdfatsRg=="
    },
    "content-disposition": {
      "version": "0.5.2",
      "resolved": "https://artifactnub1.jfrog.io/artifactnub1/api/npm/npm-virtual/content-disposition/-/content-disposition-0.5.2.tgz",
      "integrity": "sha1-DPaLud318r55YcOoUXjLhdunjLQ="
    },
    "content-type": {
      "version": "1.0.4",
      "resolved": "https://artifactnub1.jfrog.io/artifactnub1/api/npm/npm-virtual/content-type/-/content-type-1.0.4.tgz",
      "integrity": "sha1-4TjMdeBAxyexlm/l5fjJruJW/js="
    },
    "cookie": {
      "version": "0.3.1",
      "resolved": "https://artifactnub1.jfrog.io/artifactnub1/api/npm/npm-virtual/cookie/-/cookie-0.3.1.tgz",
      "integrity": "sha1-5+Ch+e9DtMi6klxcWpboBtFoc7s="
    },
    "cookie-signature": {
      "version": "1.0.6",
      "resolved": "https://artifactnub1.jfrog.io/artifactnub1/api/npm/npm-virtual/cookie-signature/-/cookie-signature-1.0.6.tgz",
      "integrity": "sha1-4wOogrNCzD7oylE6eZmXNNqzriw="
    },
    "cookiejar": {
      "version": "2.1.2",
      "resolved": "https://registry.npmjs.org/cookiejar/-/cookiejar-2.1.2.tgz",
      "integrity": "sha512-Mw+adcfzPxcPeI+0WlvRrr/3lGVO0bD75SxX6811cxSh1Wbxx7xZBGK1eVtDf6si8rg2lhnUjsVLMFMfbRIuwA=="
    },
    "core-util-is": {
      "version": "1.0.2",
      "resolved": "https://registry.npmjs.org/core-util-is/-/core-util-is-1.0.2.tgz",
      "integrity": "sha1-tf1UIgqivFq1eqtxQMlAdUUDwac="
    },
    "corser": {
      "version": "2.0.1",
      "resolved": "https://artifactnub1.jfrog.io/artifactnub1/api/npm/npm-virtual/corser/-/corser-2.0.1.tgz",
      "integrity": "sha1-jtolLsqrWEDc2XXOuQ2TcMgZ/4c="
    },
    "data-uri-to-buffer": {
      "version": "2.0.1",
      "resolved": "https://registry.npmjs.org/data-uri-to-buffer/-/data-uri-to-buffer-2.0.1.tgz",
      "integrity": "sha512-OkVVLrerfAKZlW2ZZ3Ve2y65jgiWqBKsTfUIAFbn8nVbPcCZg6l6gikKlEYv0kXcmzqGm6mFq/Jf2vriuEkv8A==",
      "requires": {
        "@types/node": "^8.0.7"
      }
    },
    "debug": {
      "version": "3.2.6",
      "resolved": "https://registry.npmjs.org/debug/-/debug-3.2.6.tgz",
      "integrity": "sha512-mel+jf7nrtEl5Pn1Qx46zARXKDpBbvzezse7p7LqINmdoIk8PYP5SySaxEmYv6TZ0JyEKA1hsCId6DIhgITtWQ==",
      "requires": {
        "ms": "^2.1.1"
      },
      "dependencies": {
        "ms": {
          "version": "2.1.1",
          "resolved": "https://registry.npmjs.org/ms/-/ms-2.1.1.tgz",
          "integrity": "sha512-tgp+dl5cGk28utYktBsrFqA7HKgrhgPsg6Z/EfhWI4gl1Hwq8B/GmY/0oXZ6nF8hDVesS/FpnYaD/kOWhYQvyg=="
        }
      }
    },
    "deep-is": {
      "version": "0.1.3",
      "resolved": "https://registry.npmjs.org/deep-is/-/deep-is-0.1.3.tgz",
      "integrity": "sha1-s2nW+128E+7PUk+RsHD+7cNXzzQ="
    },
    "degenerator": {
      "version": "1.0.4",
      "resolved": "https://registry.npmjs.org/degenerator/-/degenerator-1.0.4.tgz",
      "integrity": "sha1-/PSQo37OJmRk2cxDGrmMWBnO0JU=",
      "requires": {
        "ast-types": "0.x.x",
        "escodegen": "1.x.x",
        "esprima": "3.x.x"
      }
    },
    "delayed-stream": {
      "version": "1.0.0",
      "resolved": "https://registry.npmjs.org/delayed-stream/-/delayed-stream-1.0.0.tgz",
      "integrity": "sha1-3zrhmayt+31ECqrgsp4icrJOxhk="
    },
    "depd": {
      "version": "1.1.1",
      "resolved": "https://artifactnub1.jfrog.io/artifactnub1/api/npm/npm-virtual/depd/-/depd-1.1.1.tgz",
      "integrity": "sha1-V4O04cRZ8G+lyif5kfPQbnoxA1k="
    },
    "destroy": {
      "version": "1.0.4",
      "resolved": "https://artifactnub1.jfrog.io/artifactnub1/api/npm/npm-virtual/destroy/-/destroy-1.0.4.tgz",
      "integrity": "sha1-l4hXRCxEdJ5CBmE+N5RiBYJqvYA="
    },
    "dotty": {
      "version": "0.0.2",
      "resolved": "https://artifactnub1.jfrog.io/artifactnub1/api/npm/npm-virtual/dotty/-/dotty-0.0.2.tgz",
      "integrity": "sha1-4d6NRiZ7YvreErW1jCHKUUxKeqE="
    },
    "ecstatic": {
      "version": "2.2.2",
      "resolved": "https://registry.npmjs.org/ecstatic/-/ecstatic-2.2.2.tgz",
      "integrity": "sha512-F1g29y3I+abOS+M0AiK2O9R96AJ49Bc3kH696HtqnN+CL3YhpUnSzHNoUBQL03qDsN9Lr1XeKIxTqEH3BtiBgg==",
      "requires": {
        "he": "^1.1.1",
        "mime": "^1.2.11",
        "minimist": "^1.1.0",
        "url-join": "^2.0.2"
      }
    },
    "ee-first": {
      "version": "1.1.1",
      "resolved": "https://artifactnub1.jfrog.io/artifactnub1/api/npm/npm-virtual/ee-first/-/ee-first-1.1.1.tgz",
      "integrity": "sha1-WQxhFWsK4vTwJVcyoViyZrxWsh0="
    },
    "encodeurl": {
      "version": "1.0.2",
      "resolved": "https://artifactnub1.jfrog.io/artifactnub1/api/npm/npm-virtual/encodeurl/-/encodeurl-1.0.2.tgz",
      "integrity": "sha1-rT/0yG7C0CkyL1oCw6mmBslbP1k="
    },
    "entities": {
      "version": "1.1.1",
      "resolved": "https://artifactnub1.jfrog.io/artifactnub1/api/npm/npm-virtual/entities/-/entities-1.1.1.tgz",
      "integrity": "sha1-blwtClYhtdra7O+AuQ7ftc13cvA="
    },
    "es6-promise": {
      "version": "4.2.6",
      "resolved": "https://registry.npmjs.org/es6-promise/-/es6-promise-4.2.6.tgz",
      "integrity": "sha512-aRVgGdnmW2OiySVPUC9e6m+plolMAJKjZnQlCwNSuK5yQ0JN61DZSO1X1Ufd1foqWRAlig0rhduTCHe7sVtK5Q=="
    },
    "es6-promisify": {
      "version": "5.0.0",
      "resolved": "https://registry.npmjs.org/es6-promisify/-/es6-promisify-5.0.0.tgz",
      "integrity": "sha1-UQnWLz5W6pZ8S2NQWu8IKRyKUgM=",
      "requires": {
        "es6-promise": "^4.0.3"
      }
    },
    "escape-html": {
      "version": "1.0.3",
      "resolved": "https://artifactnub1.jfrog.io/artifactnub1/api/npm/npm-virtual/escape-html/-/escape-html-1.0.3.tgz",
      "integrity": "sha1-Aljq5NPQwJdN4cFpGI7wBR0dGYg="
    },
    "escodegen": {
      "version": "1.11.1",
      "resolved": "https://registry.npmjs.org/escodegen/-/escodegen-1.11.1.tgz",
      "integrity": "sha512-JwiqFD9KdGVVpeuRa68yU3zZnBEOcPs0nKW7wZzXky8Z7tffdYUHbe11bPCV5jYlK6DVdKLWLm0f5I/QlL0Kmw==",
      "requires": {
        "esprima": "^3.1.3",
        "estraverse": "^4.2.0",
        "esutils": "^2.0.2",
        "optionator": "^0.8.1",
        "source-map": "~0.6.1"
      }
    },
    "esprima": {
      "version": "3.1.3",
      "resolved": "https://registry.npmjs.org/esprima/-/esprima-3.1.3.tgz",
      "integrity": "sha1-/cpRzuYTOJXjyI1TXOSdv/YqRjM="
    },
    "estraverse": {
      "version": "4.2.0",
      "resolved": "https://registry.npmjs.org/estraverse/-/estraverse-4.2.0.tgz",
      "integrity": "sha1-De4/7TH81GlhjOc0IJn8GvoL2xM="
    },
    "esutils": {
      "version": "2.0.2",
      "resolved": "https://registry.npmjs.org/esutils/-/esutils-2.0.2.tgz",
      "integrity": "sha1-Cr9PHKpbyx96nYrMbepPqqBLrJs="
    },
    "etag": {
      "version": "1.8.1",
      "resolved": "https://artifactnub1.jfrog.io/artifactnub1/api/npm/npm-virtual/etag/-/etag-1.8.1.tgz",
      "integrity": "sha1-Qa4u62XvpiJorr/qg6x9eSmbCIc="
    },
    "eventemitter2": {
      "version": "2.2.1",
      "resolved": "https://registry.npmjs.org/eventemitter2/-/eventemitter2-2.2.1.tgz",
      "integrity": "sha1-u08J/5va5ZIKj0K+8NKW+BuA0DQ="
    },
    "eventemitter3": {
      "version": "1.2.0",
      "resolved": "https://artifactnub1.jfrog.io/artifactnub1/api/npm/npm-virtual/eventemitter3/-/eventemitter3-1.2.0.tgz",
      "integrity": "sha1-HIaZHYFq0eUEdQ5zh0Ik7PO+xQg="
    },
    "express": {
      "version": "4.16.2",
      "resolved": "https://artifactnub1.jfrog.io/artifactnub1/api/npm/npm-virtual/express/-/express-4.16.2.tgz",
      "integrity": "sha1-41xt/i1kt9ygpc1PIXgb4ymeB2w=",
      "requires": {
        "accepts": "~1.3.4",
        "array-flatten": "1.1.1",
        "body-parser": "1.18.2",
        "content-disposition": "0.5.2",
        "content-type": "~1.0.4",
        "cookie": "0.3.1",
        "cookie-signature": "1.0.6",
        "debug": "2.6.9",
        "depd": "~1.1.1",
        "encodeurl": "~1.0.1",
        "escape-html": "~1.0.3",
        "etag": "~1.8.1",
        "finalhandler": "1.1.0",
        "fresh": "0.5.2",
        "merge-descriptors": "1.0.1",
        "methods": "~1.1.2",
        "on-finished": "~2.3.0",
        "parseurl": "~1.3.2",
        "path-to-regexp": "0.1.7",
        "proxy-addr": "~2.0.2",
        "qs": "6.5.1",
        "range-parser": "~1.2.0",
        "safe-buffer": "5.1.1",
        "send": "0.16.1",
        "serve-static": "1.13.1",
        "setprototypeof": "1.1.0",
        "statuses": "~1.3.1",
        "type-is": "~1.6.15",
        "utils-merge": "1.0.1",
        "vary": "~1.1.2"
      },
      "dependencies": {
        "debug": {
          "version": "2.6.9",
          "resolved": "https://artifactnub1.jfrog.io/artifactnub1/api/npm/npm-virtual/debug/-/debug-2.6.9.tgz",
          "integrity": "sha1-XRKFFd8TT/Mn6QpMk/Tgd6U2NB8=",
          "requires": {
            "ms": "2.0.0"
          }
        },
        "setprototypeof": {
          "version": "1.1.0",
          "resolved": "https://artifactnub1.jfrog.io/artifactnub1/api/npm/npm-virtual/setprototypeof/-/setprototypeof-1.1.0.tgz",
          "integrity": "sha1-0L2FU2iHtv58DYGMuWLZ2RxU5lY="
        },
        "statuses": {
          "version": "1.3.1",
          "resolved": "https://artifactnub1.jfrog.io/artifactnub1/api/npm/npm-virtual/statuses/-/statuses-1.3.1.tgz",
          "integrity": "sha1-+vUbnrdKrvOzrPStX2Gr8ky3uT4="
        }
      }
    },
    "extend": {
      "version": "3.0.2",
      "resolved": "https://registry.npmjs.org/extend/-/extend-3.0.2.tgz",
      "integrity": "sha512-fjquC59cD7CyW6urNXK0FBufkZcoiGG80wTuPujX590cB5Ttln20E2UB4S/WARVqhXffZl2LNgS+gQdPIIim/g=="
    },
    "fast-levenshtein": {
      "version": "2.0.6",
      "resolved": "https://registry.npmjs.org/fast-levenshtein/-/fast-levenshtein-2.0.6.tgz",
      "integrity": "sha1-PYpcZog6FqMMqGQ+hR8Zuqd5eRc="
    },
    "file-uri-to-path": {
      "version": "1.0.0",
      "resolved": "https://registry.npmjs.org/file-uri-to-path/-/file-uri-to-path-1.0.0.tgz",
      "integrity": "sha512-0Zt+s3L7Vf1biwWZ29aARiVYLx7iMGnEUl9x33fbB/j3jR81u/O2LbqK+Bm1CDSNDKVtJ/YjwY7TUd5SkeLQLw=="
    },
    "finalhandler": {
      "version": "1.1.0",
      "resolved": "https://artifactnub1.jfrog.io/artifactnub1/api/npm/npm-virtual/finalhandler/-/finalhandler-1.1.0.tgz",
      "integrity": "sha1-zgtoVbRYU+eRsvzGgARtiCU91/U=",
      "requires": {
        "debug": "2.6.9",
        "encodeurl": "~1.0.1",
        "escape-html": "~1.0.3",
        "on-finished": "~2.3.0",
        "parseurl": "~1.3.2",
        "statuses": "~1.3.1",
        "unpipe": "~1.0.0"
      },
      "dependencies": {
        "debug": {
          "version": "2.6.9",
          "resolved": "https://artifactnub1.jfrog.io/artifactnub1/api/npm/npm-virtual/debug/-/debug-2.6.9.tgz",
          "integrity": "sha1-XRKFFd8TT/Mn6QpMk/Tgd6U2NB8=",
          "requires": {
            "ms": "2.0.0"
          }
        },
        "statuses": {
          "version": "1.3.1",
          "resolved": "https://artifactnub1.jfrog.io/artifactnub1/api/npm/npm-virtual/statuses/-/statuses-1.3.1.tgz",
          "integrity": "sha1-+vUbnrdKrvOzrPStX2Gr8ky3uT4="
        }
      }
    },
    "follow-redirects": {
      "version": "1.7.0",
      "resolved": "https://registry.npmjs.org/follow-redirects/-/follow-redirects-1.7.0.tgz",
      "integrity": "sha512-m/pZQy4Gj287eNy94nivy5wchN3Kp+Q5WgUPNy5lJSZ3sgkVKSYV/ZChMAQVIgx1SqfZ2zBZtPA2YlXIWxxJOQ==",
      "requires": {
        "debug": "^3.2.6"
      }
    },
    "form-data": {
      "version": "2.3.3",
      "resolved": "https://registry.npmjs.org/form-data/-/form-data-2.3.3.tgz",
      "integrity": "sha512-1lLKB2Mu3aGP1Q/2eCOx0fNbRMe7XdwktwOruhfqqd0rIJWwN4Dh+E3hrPSlDCXnSR7UtZ1N38rVXm+6+MEhJQ==",
      "requires": {
        "asynckit": "^0.4.0",
        "combined-stream": "^1.0.6",
        "mime-types": "^2.1.12"
      }
    },
    "formidable": {
      "version": "1.2.1",
      "resolved": "https://registry.npmjs.org/formidable/-/formidable-1.2.1.tgz",
      "integrity": "sha512-Fs9VRguL0gqGHkXS5GQiMCr1VhZBxz0JnJs4JmMp/2jL18Fmbzvv7vOFRU+U8TBkHEE/CX1qDXzJplVULgsLeg=="
    },
    "forwarded": {
      "version": "0.1.2",
      "resolved": "https://artifactnub1.jfrog.io/artifactnub1/api/npm/npm-virtual/forwarded/-/forwarded-0.1.2.tgz",
      "integrity": "sha1-mMI9qxF1ZXuMBXPozszZGw/xjIQ="
    },
    "fresh": {
      "version": "0.5.2",
      "resolved": "https://artifactnub1.jfrog.io/artifactnub1/api/npm/npm-virtual/fresh/-/fresh-0.5.2.tgz",
      "integrity": "sha1-PYyt2Q2XZWn6g1qx+OSyOhBWBac="
    },
    "ftp": {
      "version": "0.3.10",
      "resolved": "https://registry.npmjs.org/ftp/-/ftp-0.3.10.tgz",
      "integrity": "sha1-kZfYYa2BQvPmPVqDv+TFn3MwiF0=",
      "requires": {
        "readable-stream": "1.1.x",
        "xregexp": "2.0.0"
      },
      "dependencies": {
        "isarray": {
          "version": "0.0.1",
          "resolved": "https://registry.npmjs.org/isarray/-/isarray-0.0.1.tgz",
          "integrity": "sha1-ihis/Kmo9Bd+Cav8YDiTmwXR7t8="
        },
        "readable-stream": {
          "version": "1.1.14",
          "resolved": "https://registry.npmjs.org/readable-stream/-/readable-stream-1.1.14.tgz",
          "integrity": "sha1-fPTFTvZI44EwhMY23SB54WbAgdk=",
          "requires": {
            "core-util-is": "~1.0.0",
            "inherits": "~2.0.1",
            "isarray": "0.0.1",
            "string_decoder": "~0.10.x"
          }
        },
        "string_decoder": {
          "version": "0.10.31",
          "resolved": "https://registry.npmjs.org/string_decoder/-/string_decoder-0.10.31.tgz",
          "integrity": "sha1-YuIDvEF2bGwoyfyEMB2rHFMQ+pQ="
        }
      }
    },
    "get-uri": {
      "version": "2.0.3",
      "resolved": "https://registry.npmjs.org/get-uri/-/get-uri-2.0.3.tgz",
      "integrity": "sha512-x5j6Ks7FOgLD/GlvjKwgu7wdmMR55iuRHhn8hj/+gA+eSbxQvZ+AEomq+3MgVEZj1vpi738QahGbCCSIDtXtkw==",
      "requires": {
        "data-uri-to-buffer": "2",
        "debug": "4",
        "extend": "~3.0.2",
        "file-uri-to-path": "1",
        "ftp": "~0.3.10",
        "readable-stream": "3"
      },
      "dependencies": {
        "debug": {
          "version": "4.1.1",
          "resolved": "https://registry.npmjs.org/debug/-/debug-4.1.1.tgz",
          "integrity": "sha512-pYAIzeRo8J6KPEaJ0VWOh5Pzkbw/RetuzehGM7QRRX5he4fPHx2rdKMB256ehJCkX+XRQm16eZLqLNS8RSZXZw==",
          "requires": {
            "ms": "^2.1.1"
          }
        },
        "ms": {
          "version": "2.1.1",
          "resolved": "https://registry.npmjs.org/ms/-/ms-2.1.1.tgz",
          "integrity": "sha512-tgp+dl5cGk28utYktBsrFqA7HKgrhgPsg6Z/EfhWI4gl1Hwq8B/GmY/0oXZ6nF8hDVesS/FpnYaD/kOWhYQvyg=="
        },
        "readable-stream": {
          "version": "3.3.0",
          "resolved": "https://registry.npmjs.org/readable-stream/-/readable-stream-3.3.0.tgz",
          "integrity": "sha512-EsI+s3k3XsW+fU8fQACLN59ky34AZ14LoeVZpYwmZvldCFo0r0gnelwF2TcMjLor/BTL5aDJVBMkss0dthToPw==",
          "requires": {
            "inherits": "^2.0.3",
            "string_decoder": "^1.1.1",
            "util-deprecate": "^1.0.1"
          }
        }
      }
    },
    "he": {
      "version": "1.1.1",
      "resolved": "https://artifactnub1.jfrog.io/artifactnub1/api/npm/npm-virtual/he/-/he-1.1.1.tgz",
      "integrity": "sha1-k0EP0hsAlzUVH4howvJx80J+I/0="
    },
    "http-errors": {
      "version": "1.6.2",
      "resolved": "https://artifactnub1.jfrog.io/artifactnub1/api/npm/npm-virtual/http-errors/-/http-errors-1.6.2.tgz",
      "integrity": "sha1-CgAsyFcHGSp+eUbO7cERVfYOxzY=",
      "requires": {
        "depd": "1.1.1",
        "inherits": "2.0.3",
        "setprototypeof": "1.0.3",
        "statuses": ">= 1.3.1 < 2"
      }
    },
    "http-proxy": {
      "version": "1.16.2",
      "resolved": "https://artifactnub1.jfrog.io/artifactnub1/api/npm/npm-virtual/http-proxy/-/http-proxy-1.16.2.tgz",
      "integrity": "sha1-Bt/ykpUr9k2+hHH6nfcwZtTzd0I=",
      "requires": {
        "eventemitter3": "1.x.x",
        "requires-port": "1.x.x"
      }
    },
    "http-proxy-agent": {
      "version": "2.1.0",
      "resolved": "https://registry.npmjs.org/http-proxy-agent/-/http-proxy-agent-2.1.0.tgz",
      "integrity": "sha512-qwHbBLV7WviBl0rQsOzH6o5lwyOIvwp/BdFnvVxXORldu5TmjFfjzBcWUWS5kWAZhmv+JtiDhSuQCp4sBfbIgg==",
      "requires": {
        "agent-base": "4",
        "debug": "3.1.0"
      },
      "dependencies": {
        "debug": {
          "version": "3.1.0",
          "resolved": "https://registry.npmjs.org/debug/-/debug-3.1.0.tgz",
          "integrity": "sha512-OX8XqP7/1a9cqkxYw2yXss15f26NKWBpDXQd0/uK/KPqdQhxbPa994hnzjcE2VqQpDslf55723cKPUOGSmMY3g==",
          "requires": {
            "ms": "2.0.0"
          }
        }
      }
    },
    "http-server": {
      "version": "0.10.0",
      "resolved": "https://artifactnub1.jfrog.io/artifactnub1/api/npm/npm-virtual/http-server/-/http-server-0.10.0.tgz",
      "integrity": "sha1-sqRGsWqduH7TxiK6m+sbCFsSNKc=",
      "requires": {
        "colors": "1.0.3",
        "corser": "~2.0.0",
        "ecstatic": "^2.0.0",
        "http-proxy": "^1.8.1",
        "opener": "~1.4.0",
        "optimist": "0.6.x",
        "portfinder": "^1.0.13",
        "union": "~0.4.3"
      }
    },
    "https-proxy-agent": {
      "version": "2.2.1",
      "resolved": "https://registry.npmjs.org/https-proxy-agent/-/https-proxy-agent-2.2.1.tgz",
      "integrity": "sha512-HPCTS1LW51bcyMYbxUIOO4HEOlQ1/1qRaFWcyxvwaqUS9TY88aoEuHUY33kuAh1YhVVaDQhLZsnPd+XNARWZlQ==",
      "requires": {
        "agent-base": "^4.1.0",
        "debug": "^3.1.0"
      }
    },
    "humanize-ms": {
      "version": "1.2.1",
      "resolved": "https://registry.npmjs.org/humanize-ms/-/humanize-ms-1.2.1.tgz",
      "integrity": "sha1-xG4xWaKT9riW2ikxbYtv6Lt5u+0=",
      "requires": {
        "ms": "^2.0.0"
      }
    },
    "iconv-lite": {
      "version": "0.4.19",
      "resolved": "https://artifactnub1.jfrog.io/artifactnub1/api/npm/npm-virtual/iconv-lite/-/iconv-lite-0.4.19.tgz",
      "integrity": "sha1-90aPYBNfXl2tM5nAqBvpoWA6CCs="
    },
    "inherits": {
      "version": "2.0.3",
      "resolved": "https://artifactnub1.jfrog.io/artifactnub1/api/npm/npm-virtual/inherits/-/inherits-2.0.3.tgz",
      "integrity": "sha1-Yzwsg+PaQqUC9SRmAiSA9CCCYd4="
    },
    "ip": {
      "version": "1.1.5",
      "resolved": "https://registry.npmjs.org/ip/-/ip-1.1.5.tgz",
      "integrity": "sha1-vd7XARQpCCjAoDnnLvJfWq7ENUo="
    },
    "ipaddr.js": {
      "version": "1.5.2",
      "resolved": "https://artifactnub1.jfrog.io/artifactnub1/api/npm/npm-virtual/ipaddr.js/-/ipaddr.js-1.5.2.tgz",
      "integrity": "sha1-1LUFvemUaYfM8PxY2QEP+WB+P6A="
    },
    "is-buffer": {
      "version": "1.1.6",
      "resolved": "https://registry.npmjs.org/is-buffer/-/is-buffer-1.1.6.tgz",
      "integrity": "sha512-NcdALwpXkTm5Zvvbk7owOUSvVvBKDgKP5/ewfXEznmQFfs4ZRmanOeKBTjRVjka3QFoN6XJ+9F3USqfHqTaU5w=="
    },
    "isarray": {
      "version": "1.0.0",
      "resolved": "https://registry.npmjs.org/isarray/-/isarray-1.0.0.tgz",
      "integrity": "sha1-u5NdSFgsuhaMBoNJV6VKPgcSTxE="
    },
    "levn": {
      "version": "0.3.0",
      "resolved": "https://registry.npmjs.org/levn/-/levn-0.3.0.tgz",
      "integrity": "sha1-OwmSTt+fCDwEkP3UwLxEIeBHZO4=",
      "requires": {
        "prelude-ls": "~1.1.2",
        "type-check": "~0.3.2"
      }
    },
    "lil-uuid": {
      "version": "0.1.1",
      "resolved": "https://registry.npmjs.org/lil-uuid/-/lil-uuid-0.1.1.tgz",
      "integrity": "sha1-+e3PI/AOQr9D8PhD2Y2LU/M0HxY="
    },
    "linkify-it": {
      "version": "2.0.3",
      "resolved": "https://artifactnub1.jfrog.io/artifactnub1/api/npm/npm-virtual/linkify-it/-/linkify-it-2.0.3.tgz",
      "integrity": "sha1-2UpGSPmxwXnWT6lykSaL22zpQ08=",
      "requires": {
        "uc.micro": "^1.0.1"
      }
    },
    "lodash": {
      "version": "4.17.11",
      "resolved": "https://registry.npmjs.org/lodash/-/lodash-4.17.11.tgz",
      "integrity": "sha512-cQKh8igo5QUhZ7lg38DYWAxMvjSAKG0A8wGSVimP07SIUEK2UO+arSRKbRZWtelMtN5V0Hkwh5ryOto/SshYIg=="
    },
    "lru-cache": {
      "version": "4.1.5",
      "resolved": "https://registry.npmjs.org/lru-cache/-/lru-cache-4.1.5.tgz",
      "integrity": "sha512-sWZlbEP2OsHNkXrMl5GYk/jKk70MBng6UU4YI/qGDYbgf6YbP4EvmqISbXCoJiRKs+1bSpFHVgQxvJ17F2li5g==",
      "requires": {
        "pseudomap": "^1.0.2",
        "yallist": "^2.1.2"
      }
    },
    "markdown-it": {
      "version": "8.4.0",
      "resolved": "https://artifactnub1.jfrog.io/artifactnub1/api/npm/npm-virtual/markdown-it/-/markdown-it-8.4.0.tgz",
      "integrity": "sha1-4kAIgb8XH3AY7RvZ2kQdrIr2MG0=",
      "requires": {
        "argparse": "^1.0.7",
        "entities": "~1.1.1",
        "linkify-it": "^2.0.0",
        "mdurl": "^1.0.1",
        "uc.micro": "^1.0.3"
      }
    },
    "mdurl": {
      "version": "1.0.1",
      "resolved": "https://artifactnub1.jfrog.io/artifactnub1/api/npm/npm-virtual/mdurl/-/mdurl-1.0.1.tgz",
      "integrity": "sha1-/oWy7HWlkDfyrf7BAP1sYBdhFS4="
    },
    "media-typer": {
      "version": "0.3.0",
      "resolved": "https://artifactnub1.jfrog.io/artifactnub1/api/npm/npm-virtual/media-typer/-/media-typer-0.3.0.tgz",
      "integrity": "sha1-hxDXrwqmJvj/+hzgAWhUUmMlV0g="
    },
    "merge-descriptors": {
      "version": "1.0.1",
      "resolved": "https://artifactnub1.jfrog.io/artifactnub1/api/npm/npm-virtual/merge-descriptors/-/merge-descriptors-1.0.1.tgz",
      "integrity": "sha1-sAqqVW3YtEVoFQ7J0blT8/kMu2E="
    },
    "methods": {
      "version": "1.1.2",
      "resolved": "https://artifactnub1.jfrog.io/artifactnub1/api/npm/npm-virtual/methods/-/methods-1.1.2.tgz",
      "integrity": "sha1-VSmk1nZUE07cxSZmVoNbD4Ua/O4="
    },
    "mime": {
      "version": "1.6.0",
      "resolved": "https://artifactnub1.jfrog.io/artifactnub1/api/npm/npm-virtual/mime/-/mime-1.6.0.tgz",
      "integrity": "sha1-Ms2eXGRVO9WNGaVor0Uqz/BJgbE="
    },
    "mime-db": {
      "version": "1.30.0",
      "resolved": "https://artifactnub1.jfrog.io/artifactnub1/api/npm/npm-virtual/mime-db/-/mime-db-1.30.0.tgz",
      "integrity": "sha1-dMZD2i3Z1qRTmZY0ZbJtXKfXHwE="
    },
    "mime-types": {
      "version": "2.1.17",
      "resolved": "https://artifactnub1.jfrog.io/artifactnub1/api/npm/npm-virtual/mime-types/-/mime-types-2.1.17.tgz",
      "integrity": "sha1-Cdejk/A+mVp5+K+Fe3Cp4KsWVXo=",
      "requires": {
        "mime-db": "~1.30.0"
      }
    },
    "minimist": {
      "version": "1.2.0",
      "resolved": "https://artifactnub1.jfrog.io/artifactnub1/api/npm/npm-virtual/minimist/-/minimist-1.2.0.tgz",
      "integrity": "sha1-o1AIsg9BOD7sH7kU9M1d95omQoQ="
    },
    "mkdirp": {
      "version": "0.5.1",
      "resolved": "https://artifactnub1.jfrog.io/artifactnub1/api/npm/npm-virtual/mkdirp/-/mkdirp-0.5.1.tgz",
      "integrity": "sha1-MAV0OOrGz3+MR2fzhkjWaX11yQM=",
      "requires": {
        "minimist": "0.0.8"
      },
      "dependencies": {
        "minimist": {
          "version": "0.0.8",
          "resolved": "https://artifactnub1.jfrog.io/artifactnub1/api/npm/npm-virtual/minimist/-/minimist-0.0.8.tgz",
          "integrity": "sha1-hX/Kv8M5fSYluCKCYuhqp6ARsF0="
        }
      }
    },
    "ms": {
      "version": "2.0.0",
      "resolved": "https://artifactnub1.jfrog.io/artifactnub1/api/npm/npm-virtual/ms/-/ms-2.0.0.tgz",
      "integrity": "sha1-VgiurfwAvmwpAd9fmGF4jeDVl8g="
    },
    "negotiator": {
      "version": "0.6.1",
      "resolved": "https://artifactnub1.jfrog.io/artifactnub1/api/npm/npm-virtual/negotiator/-/negotiator-0.6.1.tgz",
      "integrity": "sha1-KzJxhOiZIQEXeyhWP7XnECrNDKk="
    },
    "netmask": {
      "version": "1.0.6",
      "resolved": "https://registry.npmjs.org/netmask/-/netmask-1.0.6.tgz",
      "integrity": "sha1-ICl+idhvb2QA8lDZ9Pa0wZRfzTU="
    },
    "on-finished": {
      "version": "2.3.0",
      "resolved": "https://artifactnub1.jfrog.io/artifactnub1/api/npm/npm-virtual/on-finished/-/on-finished-2.3.0.tgz",
      "integrity": "sha1-IPEzZIGwg811M3mSoWlxqi2QaUc=",
      "requires": {
        "ee-first": "1.1.1"
      }
    },
    "opener": {
      "version": "1.4.3",
      "resolved": "https://artifactnub1.jfrog.io/artifactnub1/api/npm/npm-virtual/opener/-/opener-1.4.3.tgz",
      "integrity": "sha1-XG2ixdflgx6P+jlklQ+NZnSskLg="
    },
    "optimist": {
      "version": "0.6.1",
      "resolved": "https://artifactnub1.jfrog.io/artifactnub1/api/npm/npm-virtual/optimist/-/optimist-0.6.1.tgz",
      "integrity": "sha1-2j6nRob6IaGaERwybpDrFaAZZoY=",
      "requires": {
        "minimist": "~0.0.1",
        "wordwrap": "~0.0.2"
      },
      "dependencies": {
        "minimist": {
          "version": "0.0.10",
          "resolved": "https://artifactnub1.jfrog.io/artifactnub1/api/npm/npm-virtual/minimist/-/minimist-0.0.10.tgz",
          "integrity": "sha1-3j+YVD2/lggr5IrRoMfNqDYwHc8="
        },
        "wordwrap": {
          "version": "0.0.3",
          "resolved": "https://artifactnub1.jfrog.io/artifactnub1/api/npm/npm-virtual/wordwrap/-/wordwrap-0.0.3.tgz",
          "integrity": "sha1-o9XabNXAvAAI03I0u68b7WMFkQc="
        }
      }
    },
    "optionator": {
      "version": "0.8.2",
      "resolved": "https://registry.npmjs.org/optionator/-/optionator-0.8.2.tgz",
      "integrity": "sha1-NkxeQJ0/TWMB1sC0wFu6UBgK62Q=",
      "requires": {
        "deep-is": "~0.1.3",
        "fast-levenshtein": "~2.0.4",
        "levn": "~0.3.0",
        "prelude-ls": "~1.1.2",
        "type-check": "~0.3.2",
        "wordwrap": "~1.0.0"
      }
    },
    "pac-proxy-agent": {
      "version": "2.0.2",
      "resolved": "https://registry.npmjs.org/pac-proxy-agent/-/pac-proxy-agent-2.0.2.tgz",
      "integrity": "sha512-cDNAN1Ehjbf5EHkNY5qnRhGPUCp6SnpyVof5fRzN800QV1Y2OkzbH9rmjZkbBRa8igof903yOnjIl6z0SlAhxA==",
      "requires": {
        "agent-base": "^4.2.0",
        "debug": "^3.1.0",
        "get-uri": "^2.0.0",
        "http-proxy-agent": "^2.1.0",
        "https-proxy-agent": "^2.2.1",
        "pac-resolver": "^3.0.0",
        "raw-body": "^2.2.0",
        "socks-proxy-agent": "^3.0.0"
      }
    },
    "pac-resolver": {
      "version": "3.0.0",
      "resolved": "https://registry.npmjs.org/pac-resolver/-/pac-resolver-3.0.0.tgz",
      "integrity": "sha512-tcc38bsjuE3XZ5+4vP96OfhOugrX+JcnpUbhfuc4LuXBLQhoTthOstZeoQJBDnQUDYzYmdImKsbz0xSl1/9qeA==",
      "requires": {
        "co": "^4.6.0",
        "degenerator": "^1.0.4",
        "ip": "^1.1.5",
        "netmask": "^1.0.6",
        "thunkify": "^2.1.2"
      }
    },
    "parseurl": {
      "version": "1.3.2",
      "resolved": "https://artifactnub1.jfrog.io/artifactnub1/api/npm/npm-virtual/parseurl/-/parseurl-1.3.2.tgz",
      "integrity": "sha1-/CidTtiZMRlGDBViUyYs3I3mW/M="
    },
    "path-to-regexp": {
      "version": "0.1.7",
      "resolved": "https://artifactnub1.jfrog.io/artifactnub1/api/npm/npm-virtual/path-to-regexp/-/path-to-regexp-0.1.7.tgz",
      "integrity": "sha1-32BBeABfUi8V60SQ5yR6G/qmf4w="
    },
    "portfinder": {
      "version": "1.0.13",
      "resolved": "https://artifactnub1.jfrog.io/artifactnub1/api/npm/npm-virtual/portfinder/-/portfinder-1.0.13.tgz",
      "integrity": "sha1-uzLs2HwnEErm7kS1o8y/Drsa7ek=",
      "requires": {
        "async": "^1.5.2",
        "debug": "^2.2.0",
        "mkdirp": "0.5.x"
      },
      "dependencies": {
        "async": {
          "version": "1.5.2",
          "resolved": "https://artifactnub1.jfrog.io/artifactnub1/api/npm/npm-virtual/async/-/async-1.5.2.tgz",
          "integrity": "sha1-7GphrlZIDAw8skHJVhjiCJL5Zyo="
        },
        "debug": {
          "version": "2.6.9",
          "resolved": "https://artifactnub1.jfrog.io/artifactnub1/api/npm/npm-virtual/debug/-/debug-2.6.9.tgz",
          "integrity": "sha1-XRKFFd8TT/Mn6QpMk/Tgd6U2NB8=",
          "requires": {
            "ms": "2.0.0"
          }
        }
      }
    },
    "prelude-ls": {
      "version": "1.1.2",
      "resolved": "https://registry.npmjs.org/prelude-ls/-/prelude-ls-1.1.2.tgz",
      "integrity": "sha1-IZMqVJ9eUv/ZqCf1cOBL5iqX2lQ="
    },
    "process-nextick-args": {
      "version": "2.0.0",
      "resolved": "https://registry.npmjs.org/process-nextick-args/-/process-nextick-args-2.0.0.tgz",
      "integrity": "sha512-MtEC1TqN0EU5nephaJ4rAtThHtC86dNN9qCuEhtshvpVBkAW5ZO7BASN9REnF9eoXGcRub+pFuKEpOHE+HbEMw=="
    },
    "proxy-addr": {
      "version": "2.0.2",
      "resolved": "https://artifactnub1.jfrog.io/artifactnub1/api/npm/npm-virtual/proxy-addr/-/proxy-addr-2.0.2.tgz",
      "integrity": "sha1-ZXFQT0e7mI7IGAJT+F3X4UlSvew=",
      "requires": {
        "forwarded": "~0.1.2",
        "ipaddr.js": "1.5.2"
      }
    },
    "proxy-agent": {
      "version": "2.3.1",
      "resolved": "https://registry.npmjs.org/proxy-agent/-/proxy-agent-2.3.1.tgz",
      "integrity": "sha512-CNKuhC1jVtm8KJYFTS2ZRO71VCBx3QSA92So/e6NrY6GoJonkx3Irnk4047EsCcswczwqAekRj3s8qLRGahSKg==",
      "requires": {
        "agent-base": "^4.2.0",
        "debug": "^3.1.0",
        "http-proxy-agent": "^2.1.0",
        "https-proxy-agent": "^2.2.1",
        "lru-cache": "^4.1.2",
        "pac-proxy-agent": "^2.0.1",
        "proxy-from-env": "^1.0.0",
        "socks-proxy-agent": "^3.0.0"
      }
    },
    "proxy-from-env": {
      "version": "1.0.0",
      "resolved": "https://registry.npmjs.org/proxy-from-env/-/proxy-from-env-1.0.0.tgz",
      "integrity": "sha1-M8UDmPcOp+uW0h97gXYwpVeRx+4="
    },
    "pseudomap": {
      "version": "1.0.2",
      "resolved": "https://registry.npmjs.org/pseudomap/-/pseudomap-1.0.2.tgz",
      "integrity": "sha1-8FKijacOYYkX7wqKw0wa5aaChrM="
    },
    "pubnub": {
      "version": "4.20.2",
      "resolved": "https://registry.npmjs.org/pubnub/-/pubnub-4.20.2.tgz",
      "integrity": "sha512-oItfZqV+ixr7W97URhdVxvNjoEcoOg8t5AGM6RtG0UxAGSAIU//m3i92g27/9A40SPE5GxGSwtNBiSP4oizWgw==",
      "requires": {
        "agentkeepalive": "^3.1.0",
        "lil-uuid": "^0.1.1",
        "superagent": "^3.8.1",
        "superagent-proxy": "^1.0.2"
      }
    },
    "qs": {
      "version": "6.5.1",
      "resolved": "https://artifactnub1.jfrog.io/artifactnub1/api/npm/npm-virtual/qs/-/qs-6.5.1.tgz",
      "integrity": "sha1-NJzfbu+J7EXBLX1es/wMhwNDptg="
    },
    "range-parser": {
      "version": "1.2.0",
      "resolved": "https://artifactnub1.jfrog.io/artifactnub1/api/npm/npm-virtual/range-parser/-/range-parser-1.2.0.tgz",
      "integrity": "sha1-9JvmtIeJTdxA3MlKMi9hEJLgDV4="
    },
    "raw-body": {
      "version": "2.3.2",
      "resolved": "https://artifactnub1.jfrog.io/artifactnub1/api/npm/npm-virtual/raw-body/-/raw-body-2.3.2.tgz",
      "integrity": "sha1-vNYMd9Prk83gBQKVw/N5OJvIj4k=",
      "requires": {
        "bytes": "3.0.0",
        "http-errors": "1.6.2",
        "iconv-lite": "0.4.19",
        "unpipe": "1.0.0"
      }
    },
    "readable-stream": {
      "version": "2.3.6",
      "resolved": "https://registry.npmjs.org/readable-stream/-/readable-stream-2.3.6.tgz",
      "integrity": "sha512-tQtKA9WIAhBF3+VLAseyMqZeBjW0AHJoxOtYqSUZNJxauErmLbVm2FW1y+J/YA9dUrAC39ITejlZWhVIwawkKw==",
      "requires": {
        "core-util-is": "~1.0.0",
        "inherits": "~2.0.3",
        "isarray": "~1.0.0",
        "process-nextick-args": "~2.0.0",
        "safe-buffer": "~5.1.1",
        "string_decoder": "~1.1.1",
        "util-deprecate": "~1.0.1"
      }
    },
    "requires-port": {
      "version": "1.0.0",
      "resolved": "https://artifactnub1.jfrog.io/artifactnub1/api/npm/npm-virtual/requires-port/-/requires-port-1.0.0.tgz",
      "integrity": "sha1-kl0mAdOaxIXgkc8NpcbmlNw9yv8="
    },
    "safe-buffer": {
      "version": "5.1.1",
      "resolved": "https://artifactnub1.jfrog.io/artifactnub1/api/npm/npm-virtual/safe-buffer/-/safe-buffer-5.1.1.tgz",
      "integrity": "sha1-iTMSr2myEj3vcfV4iQAWce6yyFM="
    },
    "send": {
      "version": "0.16.1",
      "resolved": "https://artifactnub1.jfrog.io/artifactnub1/api/npm/npm-virtual/send/-/send-0.16.1.tgz",
      "integrity": "sha1-pw4coh0TgsEdDZ9iMd6ygQgNerM=",
      "requires": {
        "debug": "2.6.9",
        "depd": "~1.1.1",
        "destroy": "~1.0.4",
        "encodeurl": "~1.0.1",
        "escape-html": "~1.0.3",
        "etag": "~1.8.1",
        "fresh": "0.5.2",
        "http-errors": "~1.6.2",
        "mime": "1.4.1",
        "ms": "2.0.0",
        "on-finished": "~2.3.0",
        "range-parser": "~1.2.0",
        "statuses": "~1.3.1"
      },
      "dependencies": {
        "debug": {
          "version": "2.6.9",
          "resolved": "https://artifactnub1.jfrog.io/artifactnub1/api/npm/npm-virtual/debug/-/debug-2.6.9.tgz",
          "integrity": "sha1-XRKFFd8TT/Mn6QpMk/Tgd6U2NB8=",
          "requires": {
            "ms": "2.0.0"
          }
        },
        "mime": {
          "version": "1.4.1",
          "resolved": "https://artifactnub1.jfrog.io/artifactnub1/api/npm/npm-virtual/mime/-/mime-1.4.1.tgz",
          "integrity": "sha1-Eh+evEnjdm8xGnbh+hyAA8SwOqY="
        },
        "statuses": {
          "version": "1.3.1",
          "resolved": "https://artifactnub1.jfrog.io/artifactnub1/api/npm/npm-virtual/statuses/-/statuses-1.3.1.tgz",
          "integrity": "sha1-+vUbnrdKrvOzrPStX2Gr8ky3uT4="
        }
      }
    },
    "serve-static": {
      "version": "1.13.1",
      "resolved": "https://artifactnub1.jfrog.io/artifactnub1/api/npm/npm-virtual/serve-static/-/serve-static-1.13.1.tgz",
      "integrity": "sha1-TFfVNASnYdjy58HooYpH2/J4pxk=",
      "requires": {
        "encodeurl": "~1.0.1",
        "escape-html": "~1.0.3",
        "parseurl": "~1.3.2",
        "send": "0.16.1"
      }
    },
    "setprototypeof": {
      "version": "1.0.3",
      "resolved": "https://artifactnub1.jfrog.io/artifactnub1/api/npm/npm-virtual/setprototypeof/-/setprototypeof-1.0.3.tgz",
      "integrity": "sha1-ZlZ+NwQ+608E2RvWWMDL77VbjgQ="
    },
    "smart-buffer": {
      "version": "1.1.15",
      "resolved": "https://registry.npmjs.org/smart-buffer/-/smart-buffer-1.1.15.tgz",
      "integrity": "sha1-fxFLW2X6s+KjWqd1uxLw0cZJvxY="
    },
    "socks": {
      "version": "1.1.10",
      "resolved": "https://registry.npmjs.org/socks/-/socks-1.1.10.tgz",
      "integrity": "sha1-W4t/x8jzQcU+0FbpKbe/Tei6e1o=",
      "requires": {
        "ip": "^1.1.4",
        "smart-buffer": "^1.0.13"
      }
    },
    "socks-proxy-agent": {
      "version": "3.0.1",
      "resolved": "https://registry.npmjs.org/socks-proxy-agent/-/socks-proxy-agent-3.0.1.tgz",
      "integrity": "sha512-ZwEDymm204mTzvdqyUqOdovVr2YRd2NYskrYrF2LXyZ9qDiMAoFESGK8CRphiO7rtbo2Y757k2Nia3x2hGtalA==",
      "requires": {
        "agent-base": "^4.1.0",
        "socks": "^1.1.10"
      }
    },
    "source-map": {
      "version": "0.6.1",
      "resolved": "https://registry.npmjs.org/source-map/-/source-map-0.6.1.tgz",
      "integrity": "sha512-UjgapumWlbMhkBgzT7Ykc5YXUT46F0iKu8SGXq0bcwP5dz/h0Plj6enJqjz1Zbq2l5WaqYnrVbwWOWMyF3F47g==",
      "optional": true
    },
    "sprintf-js": {
      "version": "1.0.3",
      "resolved": "https://artifactnub1.jfrog.io/artifactnub1/api/npm/npm-virtual/sprintf-js/-/sprintf-js-1.0.3.tgz",
      "integrity": "sha1-BOaSb2YolTVPPdAVIDYzuFcpfiw="
    },
    "statuses": {
      "version": "1.4.0",
      "resolved": "https://artifactnub1.jfrog.io/artifactnub1/api/npm/npm-virtual/statuses/-/statuses-1.4.0.tgz",
      "integrity": "sha1-u3PURtonlhBu/MG2AaJT1sRr0Ic="
    },
    "string_decoder": {
      "version": "1.1.1",
      "resolved": "https://registry.npmjs.org/string_decoder/-/string_decoder-1.1.1.tgz",
      "integrity": "sha512-n/ShnvDi6FHbbVfviro+WojiFzv+s8MPMHBczVePfUpDJLwoLT0ht1l4YwBCbi8pJAveEEdnkHyPyTP/mzRfwg==",
      "requires": {
        "safe-buffer": "~5.1.0"
      }
    },
    "superagent": {
      "version": "3.8.3",
      "resolved": "https://registry.npmjs.org/superagent/-/superagent-3.8.3.tgz",
      "integrity": "sha512-GLQtLMCoEIK4eDv6OGtkOoSMt3D+oq0y3dsxMuYuDvaNUvuT8eFBuLmfR0iYYzHC1e8hpzC6ZsxbuP6DIalMFA==",
      "requires": {
        "component-emitter": "^1.2.0",
        "cookiejar": "^2.1.0",
        "debug": "^3.1.0",
        "extend": "^3.0.0",
        "form-data": "^2.3.1",
        "formidable": "^1.2.0",
        "methods": "^1.1.1",
        "mime": "^1.4.1",
        "qs": "^6.5.1",
        "readable-stream": "^2.3.5"
      }
    },
    "superagent-proxy": {
      "version": "1.0.3",
      "resolved": "https://registry.npmjs.org/superagent-proxy/-/superagent-proxy-1.0.3.tgz",
      "integrity": "sha512-79Ujg1lRL2ICfuHUdX+H2MjIw73kB7bXsIkxLwHURz3j0XUmEEEoJ+u/wq+mKwna21Uejsm2cGR3OESA00TIjA==",
      "requires": {
        "debug": "^3.1.0",
        "proxy-agent": "2"
      }
    },
    "thunkify": {
      "version": "2.1.2",
      "resolved": "https://registry.npmjs.org/thunkify/-/thunkify-2.1.2.tgz",
      "integrity": "sha1-+qDp0jDFGsyVyhOjYawFyn4EVT0="
    },
    "type-check": {
      "version": "0.3.2",
      "resolved": "https://registry.npmjs.org/type-check/-/type-check-0.3.2.tgz",
      "integrity": "sha1-WITKtRLPHTVeP7eE8wgEsrUg23I=",
      "requires": {
        "prelude-ls": "~1.1.2"
      }
    },
    "type-is": {
      "version": "1.6.15",
      "resolved": "https://artifactnub1.jfrog.io/artifactnub1/api/npm/npm-virtual/type-is/-/type-is-1.6.15.tgz",
      "integrity": "sha1-yrEPtJCeRByChC6v4a1kbIGARBA=",
      "requires": {
        "media-typer": "0.3.0",
        "mime-types": "~2.1.15"
      }
    },
    "uc.micro": {
      "version": "1.0.5",
      "resolved": "https://artifactnub1.jfrog.io/artifactnub1/api/npm/npm-virtual/uc.micro/-/uc.micro-1.0.5.tgz",
      "integrity": "sha1-DGXxX4FaoItWCmHOi023/8P0U3Y="
    },
    "union": {
      "version": "0.4.6",
      "resolved": "https://artifactnub1.jfrog.io/artifactnub1/api/npm/npm-virtual/union/-/union-0.4.6.tgz",
      "integrity": "sha1-GY+9rrolTniLDvy2MLwR8kopWeA=",
      "requires": {
        "qs": "~2.3.3"
      },
      "dependencies": {
        "qs": {
          "version": "2.3.3",
          "resolved": "https://artifactnub1.jfrog.io/artifactnub1/api/npm/npm-virtual/qs/-/qs-2.3.3.tgz",
          "integrity": "sha1-6eha2+ddoLvkyOBHaghikPhjtAQ="
        }
      }
    },
    "unpipe": {
      "version": "1.0.0",
      "resolved": "https://artifactnub1.jfrog.io/artifactnub1/api/npm/npm-virtual/unpipe/-/unpipe-1.0.0.tgz",
      "integrity": "sha1-sr9O6FFKrmFltIF4KdIbLvSZBOw="
    },
    "url-join": {
      "version": "2.0.5",
      "resolved": "https://artifactnub1.jfrog.io/artifactnub1/api/npm/npm-virtual/url-join/-/url-join-2.0.5.tgz",
      "integrity": "sha1-WvIvGMBSoACkjXuCxenC4v7tpyg="
    },
    "util-deprecate": {
      "version": "1.0.2",
      "resolved": "https://registry.npmjs.org/util-deprecate/-/util-deprecate-1.0.2.tgz",
      "integrity": "sha1-RQ1Nyfpw3nMnYvvS1KKJgUGaDM8="
    },
    "utils-merge": {
      "version": "1.0.1",
      "resolved": "https://artifactnub1.jfrog.io/artifactnub1/api/npm/npm-virtual/utils-merge/-/utils-merge-1.0.1.tgz",
      "integrity": "sha1-n5VxD1CiZ5R7LMwSR0HBAoQn5xM="
    },
    "vary": {
      "version": "1.1.2",
      "resolved": "https://artifactnub1.jfrog.io/artifactnub1/api/npm/npm-virtual/vary/-/vary-1.1.2.tgz",
      "integrity": "sha1-IpnwLG3tMNSllhsLn3RSShj2NPw="
    },
    "wordwrap": {
      "version": "1.0.0",
      "resolved": "https://registry.npmjs.org/wordwrap/-/wordwrap-1.0.0.tgz",
      "integrity": "sha1-J1hIEIkUVqQXHI0CJkQa3pDLyus="
    },
    "xregexp": {
      "version": "2.0.0",
      "resolved": "https://registry.npmjs.org/xregexp/-/xregexp-2.0.0.tgz",
      "integrity": "sha1-UqY+VsoLhKfzpfPWGHLxJq16WUM="
    },
    "yallist": {
      "version": "2.1.2",
      "resolved": "https://registry.npmjs.org/yallist/-/yallist-2.1.2.tgz",
      "integrity": "sha1-HBH5IY8HYImkfdUS+TxmmaaoHVI="
    }
  }
}
